{
  "name": "miniature-city-private-rebuild",
  "version": "0.1.0",
  "lockfileVersion": 3,
  "requires": true,
  "packages": {
    "": {
      "name": "miniature-city-private-rebuild",
      "version": "0.1.0",
      "dependencies": {
        "three": "0.185.0"
      },
      "engines": {
        "node": ">=20.19.0"
      }
    },
    "node_modules/three": {
      "version": "0.185.0",
      "resolved": "https://registry.npmjs.org/three/-/three-0.185.0.tgz",
      "integrity": "sha512-+yRrcRO2iZa8uzvNNl0d7cL4huhgKgBvVJ0njcTe8xFqZ6DMAFZdCKDP91SEAuj25bNAj7k1QQdf+srZywVK6w==",
      "license": "MIT"
    }
  }
}
